// !$*UTF8*$!
{
	archiveVersion = 1;
	classes = {
	};
	objectVersion = 56;
	objects = {

/* Begin PBXBuildFile section */
		567DAFD02A75420600A07EE6 /* AppDelegate.swift in Sources */ = {isa = PBXBuildFile; fileRef = 567DAFCF2A75420600A07EE6 /* AppDelegate.swift */; };
		567DAFD22A75420600A07EE6 /* SceneDelegate.swift in Sources */ = {isa = PBXBuildFile; fileRef = 567DAFD12A75420600A07EE6 /* SceneDelegate.swift */; };
		567DAFD42A75420600A07EE6 /* ViewController.swift in Sources */ = {isa = PBXBuildFile; fileRef = 567DAFD32A75420600A07EE6 /* ViewController.swift */; };
		567DAFD92A75420700A07EE6 /* Assets.xcassets in Resources */ = {isa = PBXBuildFile; fileRef = 567DAFD82A75420700A07EE6 /* Assets.xcassets */; };
		567DAFDC2A75420700A07EE6 /* LaunchScreen.storyboard in Resources */ = {isa = PBXBuildFile; fileRef = 567DAFDA2A75420700A07EE6 /* LaunchScreen.storyboard */; };
		567DAFEA2A75463900A07EE6 /* CategoriesContract.swift in Sources */ = {isa = PBXBuildFile; fileRef = 567DAFE52A75463900A07EE6 /* CategoriesContract.swift */; };
		567DAFEB2A75463900A07EE6 /* CategoriesPresenter.swift in Sources */ = {isa = PBXBuildFile; fileRef = 567DAFE62A75463900A07EE6 /* CategoriesPresenter.swift */; };
		567DAFEC2A75463900A07EE6 /* CategoriesRouter.swift in Sources */ = {isa = PBXBuildFile; fileRef = 567DAFE72A75463900A07EE6 /* CategoriesRouter.swift */; };
		567DAFED2A75463900A07EE6 /* CategoriesViewController.swift in Sources */ = {isa = PBXBuildFile; fileRef = 567DAFE82A75463900A07EE6 /* CategoriesViewController.swift */; };
		567DAFEE2A75463900A07EE6 /* CategoriesInteractor.swift in Sources */ = {isa = PBXBuildFile; fileRef = 567DAFE92A75463900A07EE6 /* CategoriesInteractor.swift */; };
		567DAFF12A75664300A07EE6 /* SnapKit in Frameworks */ = {isa = PBXBuildFile; productRef = 567DAFF02A75664300A07EE6 /* SnapKit */; };
		567DAFF42A75726300A07EE6 /* NetworkRouter.swift in Sources */ = {isa = PBXBuildFile; fileRef = 567DAFF32A75726300A07EE6 /* NetworkRouter.swift */; };
		567DAFF72A7574B300A07EE6 /* Category.swift in Sources */ = {isa = PBXBuildFile; fileRef = 567DAFF62A7574B300A07EE6 /* Category.swift */; };
		567DAFFC2A757D5000A07EE6 /* CategoriesCell.swift in Sources */ = {isa = PBXBuildFile; fileRef = 567DAFFB2A757D5000A07EE6 /* CategoriesCell.swift */; };
		567DB0012A75897D00A07EE6 /* NetworkManager.swift in Sources */ = {isa = PBXBuildFile; fileRef = 567DB0002A75897D00A07EE6 /* NetworkManager.swift */; };
		567DB0082A7589E300A07EE6 /* SourcesContract.swift in Sources */ = {isa = PBXBuildFile; fileRef = 567DB0032A7589E300A07EE6 /* SourcesContract.swift */; };
		567DB0092A7589E300A07EE6 /* SourcesPresenter.swift in Sources */ = {isa = PBXBuildFile; fileRef = 567DB0042A7589E300A07EE6 /* SourcesPresenter.swift */; };
		567DB00A2A7589E300A07EE6 /* SourcesRouter.swift in Sources */ = {isa = PBXBuildFile; fileRef = 567DB0052A7589E300A07EE6 /* SourcesRouter.swift */; };
		567DB00B2A7589E300A07EE6 /* SourcesViewController.swift in Sources */ = {isa = PBXBuildFile; fileRef = 567DB0062A7589E300A07EE6 /* SourcesViewController.swift */; };
		567DB00C2A7589E300A07EE6 /* SourcesInteractor.swift in Sources */ = {isa = PBXBuildFile; fileRef = 567DB0072A7589E300A07EE6 /* SourcesInteractor.swift */; };
		567DB00E2A763F0E00A07EE6 /* SourceResponse.swift in Sources */ = {isa = PBXBuildFile; fileRef = 567DB00D2A763F0E00A07EE6 /* SourceResponse.swift */; };
		567DB0102A76410100A07EE6 /* Constants.swift in Sources */ = {isa = PBXBuildFile; fileRef = 567DB00F2A76410100A07EE6 /* Constants.swift */; };
		567DB0132A76414500A07EE6 /* Alamofire in Frameworks */ = {isa = PBXBuildFile; productRef = 567DB0122A76414500A07EE6 /* Alamofire */; };
		567DB0152A76417000A07EE6 /* NetworkConfiguration.swift in Sources */ = {isa = PBXBuildFile; fileRef = 567DB0142A76417000A07EE6 /* NetworkConfiguration.swift */; };
		567DB0182A764FB700A07EE6 /* SourceCell.swift in Sources */ = {isa = PBXBuildFile; fileRef = 567DB0172A764FB700A07EE6 /* SourceCell.swift */; };
		567DB01F2A7659F300A07EE6 /* ArticlesContract.swift in Sources */ = {isa = PBXBuildFile; fileRef = 567DB01A2A7659F300A07EE6 /* ArticlesContract.swift */; };
		567DB0202A7659F300A07EE6 /* ArticlesPresenter.swift in Sources */ = {isa = PBXBuildFile; fileRef = 567DB01B2A7659F300A07EE6 /* ArticlesPresenter.swift */; };
		567DB0212A7659F300A07EE6 /* ArticlesRouter.swift in Sources */ = {isa = PBXBuildFile; fileRef = 567DB01C2A7659F300A07EE6 /* ArticlesRouter.swift */; };
		567DB0222A7659F300A07EE6 /* ArticlesViewController.swift in Sources */ = {isa = PBXBuildFile; fileRef = 567DB01D2A7659F300A07EE6 /* ArticlesViewController.swift */; };
		567DB0232A7659F300A07EE6 /* ArticlesInteractor.swift in Sources */ = {isa = PBXBuildFile; fileRef = 567DB01E2A7659F300A07EE6 /* ArticlesInteractor.swift */; };
		567DB0252A76723F00A07EE6 /* ArticleResponse.swift in Sources */ = {isa = PBXBuildFile; fileRef = 567DB0242A76723F00A07EE6 /* ArticleResponse.swift */; };
		567DB0282A7675D700A07EE6 /* SDWebImage in Frameworks */ = {isa = PBXBuildFile; productRef = 567DB0272A7675D700A07EE6 /* SDWebImage */; };
		567DB02B2A7683DB00A07EE6 /* ArticleCell.swift in Sources */ = {isa = PBXBuildFile; fileRef = 567DB02A2A7683DB00A07EE6 /* ArticleCell.swift */; };
		567DB0322A7697A200A07EE6 /* DetailsArticleContract.swift in Sources */ = {isa = PBXBuildFile; fileRef = 567DB02D2A7697A200A07EE6 /* DetailsArticleContract.swift */; };
		567DB0332A7697A200A07EE6 /* DetailsArticlePresenter.swift in Sources */ = {isa = PBXBuildFile; fileRef = 567DB02E2A7697A200A07EE6 /* DetailsArticlePresenter.swift */; };
		567DB0342A7697A200A07EE6 /* DetailsArticleRouter.swift in Sources */ = {isa = PBXBuildFile; fileRef = 567DB02F2A7697A200A07EE6 /* DetailsArticleRouter.swift */; };
		567DB0352A7697A200A07EE6 /* DetailsArticleViewController.swift in Sources */ = {isa = PBXBuildFile; fileRef = 567DB0302A7697A200A07EE6 /* DetailsArticleViewController.swift */; };
		567DB0362A7697A200A07EE6 /* DetailsArticleInteractor.swift in Sources */ = {isa = PBXBuildFile; fileRef = 567DB0312A7697A200A07EE6 /* DetailsArticleInteractor.swift */; };
		567DB0392A76ACEC00A07EE6 /* CollectionViewState.swift in Sources */ = {isa = PBXBuildFile; fileRef = 567DB0382A76ACEC00A07EE6 /* CollectionViewState.swift */; };
		567DB03B2A76AD1900A07EE6 /* NewsLoadingState.swift in Sources */ = {isa = PBXBuildFile; fileRef = 567DB03A2A76AD1900A07EE6 /* NewsLoadingState.swift */; };
		567DB03D2A76AD4B00A07EE6 /* RetryView.swift in Sources */ = {isa = PBXBuildFile; fileRef = 567DB03C2A76AD4B00A07EE6 /* RetryView.swift */; };
/* End PBXBuildFile section */

/* Begin PBXFileReference section */
		567DAFCC2A75420600A07EE6 /* News.app */ = {isa = PBXFileReference; explicitFileType = wrapper.application; includeInIndex = 0; path = News.app; sourceTree = BUILT_PRODUCTS_DIR; };
		567DAFCF2A75420600A07EE6 /* AppDelegate.swift */ = {isa = PBXFileReference; lastKnownFileType = sourcecode.swift; path = AppDelegate.swift; sourceTree = "<group>"; };
		567DAFD12A75420600A07EE6 /* SceneDelegate.swift */ = {isa = PBXFileReference; lastKnownFileType = sourcecode.swift; path = SceneDelegate.swift; sourceTree = "<group>"; };
		567DAFD32A75420600A07EE6 /* ViewController.swift */ = {isa = PBXFileReference; lastKnownFileType = sourcecode.swift; path = ViewController.swift; sourceTree = "<group>"; };
		567DAFD82A75420700A07EE6 /* Assets.xcassets */ = {isa = PBXFileReference; lastKnownFileType = folder.assetcatalog; path = Assets.xcassets; sourceTree = "<group>"; };
		567DAFDB2A75420700A07EE6 /* Base */ = {isa = PBXFileReference; lastKnownFileType = file.storyboard; name = Base; path = Base.lproj/LaunchScreen.storyboard; sourceTree = "<group>"; };
		567DAFDD2A75420700A07EE6 /* Info.plist */ = {isa = PBXFileReference; lastKnownFileType = text.plist.xml; path = Info.plist; sourceTree = "<group>"; };
		567DAFE52A75463900A07EE6 /* CategoriesContract.swift */ = {isa = PBXFileReference; lastKnownFileType = sourcecode.swift; path = CategoriesContract.swift; sourceTree = "<group>"; };
		567DAFE62A75463900A07EE6 /* CategoriesPresenter.swift */ = {isa = PBXFileReference; lastKnownFileType = sourcecode.swift; path = CategoriesPresenter.swift; sourceTree = "<group>"; };
		567DAFE72A75463900A07EE6 /* CategoriesRouter.swift */ = {isa = PBXFileReference; lastKnownFileType = sourcecode.swift; path = CategoriesRouter.swift; sourceTree = "<group>"; };
		567DAFE82A75463900A07EE6 /* CategoriesViewController.swift */ = {isa = PBXFileReference; lastKnownFileType = sourcecode.swift; path = CategoriesViewController.swift; sourceTree = "<group>"; };
		567DAFE92A75463900A07EE6 /* CategoriesInteractor.swift */ = {isa = PBXFileReference; lastKnownFileType = sourcecode.swift; path = CategoriesInteractor.swift; sourceTree = "<group>"; };
		567DAFF32A75726300A07EE6 /* NetworkRouter.swift */ = {isa = PBXFileReference; lastKnownFileType = sourcecode.swift; path = NetworkRouter.swift; sourceTree = "<group>"; };
		567DAFF62A7574B300A07EE6 /* Category.swift */ = {isa = PBXFileReference; lastKnownFileType = sourcecode.swift; path = Category.swift; sourceTree = "<group>"; };
		567DAFFB2A757D5000A07EE6 /* CategoriesCell.swift */ = {isa = PBXFileReference; lastKnownFileType = sourcecode.swift; path = CategoriesCell.swift; sourceTree = "<group>"; };
		567DB0002A75897D00A07EE6 /* NetworkManager.swift */ = {isa = PBXFileReference; lastKnownFileType = sourcecode.swift; path = NetworkManager.swift; sourceTree = "<group>"; };
		567DB0032A7589E300A07EE6 /* SourcesContract.swift */ = {isa = PBXFileReference; lastKnownFileType = sourcecode.swift; path = SourcesContract.swift; sourceTree = "<group>"; };
		567DB0042A7589E300A07EE6 /* SourcesPresenter.swift */ = {isa = PBXFileReference; lastKnownFileType = sourcecode.swift; path = SourcesPresenter.swift; sourceTree = "<group>"; };
		567DB0052A7589E300A07EE6 /* SourcesRouter.swift */ = {isa = PBXFileReference; lastKnownFileType = sourcecode.swift; path = SourcesRouter.swift; sourceTree = "<group>"; };
		567DB0062A7589E300A07EE6 /* SourcesViewController.swift */ = {isa = PBXFileReference; lastKnownFileType = sourcecode.swift; path = SourcesViewController.swift; sourceTree = "<group>"; };
		567DB0072A7589E300A07EE6 /* SourcesInteractor.swift */ = {isa = PBXFileReference; lastKnownFileType = sourcecode.swift; path = SourcesInteractor.swift; sourceTree = "<group>"; };
		567DB00D2A763F0E00A07EE6 /* SourceResponse.swift */ = {isa = PBXFileReference; lastKnownFileType = sourcecode.swift; path = SourceResponse.swift; sourceTree = "<group>"; };
		567DB00F2A76410100A07EE6 /* Constants.swift */ = {isa = PBXFileReference; lastKnownFileType = sourcecode.swift; path = Constants.swift; sourceTree = "<group>"; };
		567DB0142A76417000A07EE6 /* NetworkConfiguration.swift */ = {isa = PBXFileReference; lastKnownFileType = sourcecode.swift; path = NetworkConfiguration.swift; sourceTree = "<group>"; };
		567DB0172A764FB700A07EE6 /* SourceCell.swift */ = {isa = PBXFileReference; lastKnownFileType = sourcecode.swift; path = SourceCell.swift; sourceTree = "<group>"; };
		567DB01A2A7659F300A07EE6 /* ArticlesContract.swift */ = {isa = PBXFileReference; lastKnownFileType = sourcecode.swift; path = ArticlesContract.swift; sourceTree = "<group>"; };
		567DB01B2A7659F300A07EE6 /* ArticlesPresenter.swift */ = {isa = PBXFileReference; lastKnownFileType = sourcecode.swift; path = ArticlesPresenter.swift; sourceTree = "<group>"; };
		567DB01C2A7659F300A07EE6 /* ArticlesRouter.swift */ = {isa = PBXFileReference; lastKnownFileType = sourcecode.swift; path = ArticlesRouter.swift; sourceTree = "<group>"; };
		567DB01D2A7659F300A07EE6 /* ArticlesViewController.swift */ = {isa = PBXFileReference; lastKnownFileType = sourcecode.swift; path = ArticlesViewController.swift; sourceTree = "<group>"; };
		567DB01E2A7659F300A07EE6 /* ArticlesInteractor.swift */ = {isa = PBXFileReference; lastKnownFileType = sourcecode.swift; path = ArticlesInteractor.swift; sourceTree = "<group>"; };
		567DB0242A76723F00A07EE6 /* ArticleResponse.swift */ = {isa = PBXFileReference; lastKnownFileType = sourcecode.swift; path = ArticleResponse.swift; sourceTree = "<group>"; };
		567DB02A2A7683DB00A07EE6 /* ArticleCell.swift */ = {isa = PBXFileReference; lastKnownFileType = sourcecode.swift; path = ArticleCell.swift; sourceTree = "<group>"; };
		567DB02D2A7697A200A07EE6 /* DetailsArticleContract.swift */ = {isa = PBXFileReference; lastKnownFileType = sourcecode.swift; path = DetailsArticleContract.swift; sourceTree = "<group>"; };
		567DB02E2A7697A200A07EE6 /* DetailsArticlePresenter.swift */ = {isa = PBXFileReference; lastKnownFileType = sourcecode.swift; path = DetailsArticlePresenter.swift; sourceTree = "<group>"; };
		567DB02F2A7697A200A07EE6 /* DetailsArticleRouter.swift */ = {isa = PBXFileReference; lastKnownFileType = sourcecode.swift; path = DetailsArticleRouter.swift; sourceTree = "<group>"; };
		567DB0302A7697A200A07EE6 /* DetailsArticleViewController.swift */ = {isa = PBXFileReference; lastKnownFileType = sourcecode.swift; path = DetailsArticleViewController.swift; sourceTree = "<group>"; };
		567DB0312A7697A200A07EE6 /* DetailsArticleInteractor.swift */ = {isa = PBXFileReference; lastKnownFileType = sourcecode.swift; path = DetailsArticleInteractor.swift; sourceTree = "<group>"; };
		567DB0382A76ACEC00A07EE6 /* CollectionViewState.swift */ = {isa = PBXFileReference; lastKnownFileType = sourcecode.swift; path = CollectionViewState.swift; sourceTree = "<group>"; };
		567DB03A2A76AD1900A07EE6 /* NewsLoadingState.swift */ = {isa = PBXFileReference; lastKnownFileType = sourcecode.swift; path = NewsLoadingState.swift; sourceTree = "<group>"; };
		567DB03C2A76AD4B00A07EE6 /* RetryView.swift */ = {isa = PBXFileReference; lastKnownFileType = sourcecode.swift; path = RetryView.swift; sourceTree = "<group>"; };
/* End PBXFileReference section */

/* Begin PBXFrameworksBuildPhase section */
		567DAFC92A75420600A07EE6 /* Frameworks */ = {
			isa = PBXFrameworksBuildPhase;
			buildActionMask = 2147483647;
			files = (
				567DB0282A7675D700A07EE6 /* SDWebImage in Frameworks */,
				567DAFF12A75664300A07EE6 /* SnapKit in Frameworks */,
				567DB0132A76414500A07EE6 /* Alamofire in Frameworks */,
			);
			runOnlyForDeploymentPostprocessing = 0;
		};
/* End PBXFrameworksBuildPhase section */

/* Begin PBXGroup section */
		567DAFC32A75420600A07EE6 = {
			isa = PBXGroup;
			children = (
				567DAFCE2A75420600A07EE6 /* News */,
				567DAFCD2A75420600A07EE6 /* Products */,
			);
			sourceTree = "<group>";
		};
		567DAFCD2A75420600A07EE6 /* Products */ = {
			isa = PBXGroup;
			children = (
				567DAFCC2A75420600A07EE6 /* News.app */,
			);
			name = Products;
			sourceTree = "<group>";
		};
		567DAFCE2A75420600A07EE6 /* News */ = {
			isa = PBXGroup;
			children = (
				567DB0372A76ACD800A07EE6 /* Helper */,
				567DAFF52A7574A200A07EE6 /* Model */,
				567DAFF22A75702B00A07EE6 /* Network */,
				567DAFE32A7543C600A07EE6 /* Source */,
				567DAFCF2A75420600A07EE6 /* AppDelegate.swift */,
				567DAFD12A75420600A07EE6 /* SceneDelegate.swift */,
				567DAFD32A75420600A07EE6 /* ViewController.swift */,
				567DAFD82A75420700A07EE6 /* Assets.xcassets */,
				567DAFDA2A75420700A07EE6 /* LaunchScreen.storyboard */,
				567DAFDD2A75420700A07EE6 /* Info.plist */,
			);
			path = News;
			sourceTree = "<group>";
		};
		567DAFE32A7543C600A07EE6 /* Source */ = {
			isa = PBXGroup;
			children = (
				567DB02C2A76978A00A07EE6 /* Details */,
				567DB0192A7659E100A07EE6 /* Articles */,
				567DB0022A7589C700A07EE6 /* Soruces */,
				567DAFE42A7543FC00A07EE6 /* Categories */,
			);
			path = Source;
			sourceTree = "<group>";
		};
		567DAFE42A7543FC00A07EE6 /* Categories */ = {
			isa = PBXGroup;
			children = (
				567DAFFF2A7586BD00A07EE6 /* Cell */,
				567DAFE52A75463900A07EE6 /* CategoriesContract.swift */,
				567DAFE62A75463900A07EE6 /* CategoriesPresenter.swift */,
				567DAFE72A75463900A07EE6 /* CategoriesRouter.swift */,
				567DAFE82A75463900A07EE6 /* CategoriesViewController.swift */,
				567DAFE92A75463900A07EE6 /* CategoriesInteractor.swift */,
			);
			path = Categories;
			sourceTree = "<group>";
		};
		567DAFF22A75702B00A07EE6 /* Network */ = {
			isa = PBXGroup;
			children = (
				567DAFF32A75726300A07EE6 /* NetworkRouter.swift */,
				567DB0002A75897D00A07EE6 /* NetworkManager.swift */,
				567DB0142A76417000A07EE6 /* NetworkConfiguration.swift */,
				567DB00F2A76410100A07EE6 /* Constants.swift */,
			);
			path = Network;
			sourceTree = "<group>";
		};
		567DAFF52A7574A200A07EE6 /* Model */ = {
			isa = PBXGroup;
			children = (
				567DAFF62A7574B300A07EE6 /* Category.swift */,
				567DB00D2A763F0E00A07EE6 /* SourceResponse.swift */,
				567DB0242A76723F00A07EE6 /* ArticleResponse.swift */,
			);
			path = Model;
			sourceTree = "<group>";
		};
		567DAFFF2A7586BD00A07EE6 /* Cell */ = {
			isa = PBXGroup;
			children = (
				567DAFFB2A757D5000A07EE6 /* CategoriesCell.swift */,
			);
			path = Cell;
			sourceTree = "<group>";
		};
		567DB0022A7589C700A07EE6 /* Soruces */ = {
			isa = PBXGroup;
			children = (
				567DB0162A764FA400A07EE6 /* Cell */,
				567DB0032A7589E300A07EE6 /* SourcesContract.swift */,
				567DB0042A7589E300A07EE6 /* SourcesPresenter.swift */,
				567DB0052A7589E300A07EE6 /* SourcesRouter.swift */,
				567DB0062A7589E300A07EE6 /* SourcesViewController.swift */,
				567DB0072A7589E300A07EE6 /* SourcesInteractor.swift */,
			);
			path = Soruces;
			sourceTree = "<group>";
		};
		567DB0162A764FA400A07EE6 /* Cell */ = {
			isa = PBXGroup;
			children = (
				567DB0172A764FB700A07EE6 /* SourceCell.swift */,
			);
			path = Cell;
			sourceTree = "<group>";
		};
		567DB0192A7659E100A07EE6 /* Articles */ = {
			isa = PBXGroup;
			children = (
				567DB0292A7683C600A07EE6 /* Cell */,
				567DB01A2A7659F300A07EE6 /* ArticlesContract.swift */,
				567DB01B2A7659F300A07EE6 /* ArticlesPresenter.swift */,
				567DB01C2A7659F300A07EE6 /* ArticlesRouter.swift */,
				567DB01D2A7659F300A07EE6 /* ArticlesViewController.swift */,
				567DB01E2A7659F300A07EE6 /* ArticlesInteractor.swift */,
			);
			path = Articles;
			sourceTree = "<group>";
		};
		567DB0292A7683C600A07EE6 /* Cell */ = {
			isa = PBXGroup;
			children = (
				567DB02A2A7683DB00A07EE6 /* ArticleCell.swift */,
			);
			path = Cell;
			sourceTree = "<group>";
		};
		567DB02C2A76978A00A07EE6 /* Details */ = {
			isa = PBXGroup;
			children = (
				567DB02D2A7697A200A07EE6 /* DetailsArticleContract.swift */,
				567DB02E2A7697A200A07EE6 /* DetailsArticlePresenter.swift */,
				567DB02F2A7697A200A07EE6 /* DetailsArticleRouter.swift */,
				567DB0302A7697A200A07EE6 /* DetailsArticleViewController.swift */,
				567DB0312A7697A200A07EE6 /* DetailsArticleInteractor.swift */,
			);
			path = Details;
			sourceTree = "<group>";
		};
		567DB0372A76ACD800A07EE6 /* Helper */ = {
			isa = PBXGroup;
			children = (
				567DB0382A76ACEC00A07EE6 /* CollectionViewState.swift */,
				567DB03A2A76AD1900A07EE6 /* NewsLoadingState.swift */,
				567DB03C2A76AD4B00A07EE6 /* RetryView.swift */,
			);
			path = Helper;
			sourceTree = "<group>";
		};
/* End PBXGroup section */

/* Begin PBXNativeTarget section */
		567DAFCB2A75420600A07EE6 /* News */ = {
			isa = PBXNativeTarget;
			buildConfigurationList = 567DAFE02A75420700A07EE6 /* Build configuration list for PBXNativeTarget "News" */;
			buildPhases = (
				567DAFC82A75420600A07EE6 /* Sources */,
				567DAFC92A75420600A07EE6 /* Frameworks */,
				567DAFCA2A75420600A07EE6 /* Resources */,
			);
			buildRules = (
			);
			dependencies = (
			);
			name = News;
			packageProductDependencies = (
				567DAFF02A75664300A07EE6 /* SnapKit */,
				567DB0122A76414500A07EE6 /* Alamofire */,
				567DB0272A7675D700A07EE6 /* SDWebImage */,
			);
			productName = News;
			productReference = 567DAFCC2A75420600A07EE6 /* News.app */;
			productType = "com.apple.product-type.application";
		};
/* End PBXNativeTarget section */

/* Begin PBXProject section */
		567DAFC42A75420600A07EE6 /* Project object */ = {
			isa = PBXProject;
			attributes = {
				BuildIndependentTargetsInParallel = 1;
				LastSwiftUpdateCheck = 1430;
				LastUpgradeCheck = 1430;
				TargetAttributes = {
					567DAFCB2A75420600A07EE6 = {
						CreatedOnToolsVersion = 14.3.1;
					};
				};
			};
			buildConfigurationList = 567DAFC72A75420600A07EE6 /* Build configuration list for PBXProject "News" */;
			compatibilityVersion = "Xcode 14.0";
			developmentRegion = en;
			hasScannedForEncodings = 0;
			knownRegions = (
				en,
				Base,
			);
			mainGroup = 567DAFC32A75420600A07EE6;
			packageReferences = (
				567DAFEF2A75664300A07EE6 /* XCRemoteSwiftPackageReference "SnapKit" */,
				567DB0112A76414500A07EE6 /* XCRemoteSwiftPackageReference "Alamofire" */,
				567DB0262A7675D700A07EE6 /* XCRemoteSwiftPackageReference "SDWebImage" */,
			);
			productRefGroup = 567DAFCD2A75420600A07EE6 /* Products */;
			projectDirPath = "";
			projectRoot = "";
			targets = (
				567DAFCB2A75420600A07EE6 /* News */,
			);
		};
/* End PBXProject section */

/* Begin PBXResourcesBuildPhase section */
		567DAFCA2A75420600A07EE6 /* Resources */ = {
			isa = PBXResourcesBuildPhase;
			buildActionMask = 2147483647;
			files = (
				567DAFDC2A75420700A07EE6 /* LaunchScreen.storyboard in Resources */,
				567DAFD92A75420700A07EE6 /* Assets.xcassets in Resources */,
			);
			runOnlyForDeploymentPostprocessing = 0;
		};
/* End PBXResourcesBuildPhase section */

/* Begin PBXSourcesBuildPhase section */
		567DAFC82A75420600A07EE6 /* Sources */ = {
			isa = PBXSourcesBuildPhase;
			buildActionMask = 2147483647;
			files = (
				567DB0012A75897D00A07EE6 /* NetworkManager.swift in Sources */,
				567DB0102A76410100A07EE6 /* Constants.swift in Sources */,
				567DAFD42A75420600A07EE6 /* ViewController.swift in Sources */,
				567DB03D2A76AD4B00A07EE6 /* RetryView.swift in Sources */,
				567DB00A2A7589E300A07EE6 /* SourcesRouter.swift in Sources */,
				567DB0392A76ACEC00A07EE6 /* CollectionViewState.swift in Sources */,
				567DB03B2A76AD1900A07EE6 /* NewsLoadingState.swift in Sources */,
				567DB0342A7697A200A07EE6 /* DetailsArticleRouter.swift in Sources */,
				567DB0362A7697A200A07EE6 /* DetailsArticleInteractor.swift in Sources */,
				567DB02B2A7683DB00A07EE6 /* ArticleCell.swift in Sources */,
				567DAFF72A7574B300A07EE6 /* Category.swift in Sources */,
				567DB0332A7697A200A07EE6 /* DetailsArticlePresenter.swift in Sources */,
				567DB0232A7659F300A07EE6 /* ArticlesInteractor.swift in Sources */,
				567DAFD02A75420600A07EE6 /* AppDelegate.swift in Sources */,
				567DAFFC2A757D5000A07EE6 /* CategoriesCell.swift in Sources */,
				567DB0202A7659F300A07EE6 /* ArticlesPresenter.swift in Sources */,
				567DAFEC2A75463900A07EE6 /* CategoriesRouter.swift in Sources */,
				567DB00E2A763F0E00A07EE6 /* SourceResponse.swift in Sources */,
				567DAFD22A75420600A07EE6 /* SceneDelegate.swift in Sources */,
				567DB0182A764FB700A07EE6 /* SourceCell.swift in Sources */,
				567DAFEA2A75463900A07EE6 /* CategoriesContract.swift in Sources */,
				567DB0252A76723F00A07EE6 /* ArticleResponse.swift in Sources */,
				567DB0152A76417000A07EE6 /* NetworkConfiguration.swift in Sources */,
				567DB00B2A7589E300A07EE6 /* SourcesViewController.swift in Sources */,
				567DB0212A7659F300A07EE6 /* ArticlesRouter.swift in Sources */,
				567DB0082A7589E300A07EE6 /* SourcesContract.swift in Sources */,
				567DAFED2A75463900A07EE6 /* CategoriesViewController.swift in Sources */,
				567DAFEE2A75463900A07EE6 /* CategoriesInteractor.swift in Sources */,
				567DB0092A7589E300A07EE6 /* SourcesPresenter.swift in Sources */,
				567DAFEB2A75463900A07EE6 /* CategoriesPresenter.swift in Sources */,
				567DAFF42A75726300A07EE6 /* NetworkRouter.swift in Sources */,
				567DB01F2A7659F300A07EE6 /* ArticlesContract.swift in Sources */,
				567DB0322A7697A200A07EE6 /* DetailsArticleContract.swift in Sources */,
				567DB00C2A7589E300A07EE6 /* SourcesInteractor.swift in Sources */,
				567DB0352A7697A200A07EE6 /* DetailsArticleViewController.swift in Sources */,
				567DB0222A7659F300A07EE6 /* ArticlesViewController.swift in Sources */,
			);
			runOnlyForDeploymentPostprocessing = 0;
		};
/* End PBXSourcesBuildPhase section */

/* Begin PBXVariantGroup section */
		567DAFDA2A75420700A07EE6 /* LaunchScreen.storyboard */ = {
			isa = PBXVariantGroup;
			children = (
				567DAFDB2A75420700A07EE6 /* Base */,
			);
			name = LaunchScreen.storyboard;
			sourceTree = "<group>";
		};
/* End PBXVariantGroup section */

/* Begin XCBuildConfiguration section */
		567DAFDE2A75420700A07EE6 /* Debug */ = {
			isa = XCBuildConfiguration;
			buildSettings = {
				ALWAYS_SEARCH_USER_PATHS = NO;
				CLANG_ANALYZER_NONNULL = YES;
				CLANG_ANALYZER_NUMBER_OBJECT_CONVERSION = YES_AGGRESSIVE;
				CLANG_CXX_LANGUAGE_STANDARD = "gnu++20";
				CLANG_ENABLE_MODULES = YES;
				CLANG_ENABLE_OBJC_ARC = YES;
				CLANG_ENABLE_OBJC_WEAK = YES;
				CLANG_WARN_BLOCK_CAPTURE_AUTORELEASING = YES;
				CLANG_WARN_BOOL_CONVERSION = YES;
				CLANG_WARN_COMMA = YES;
				CLANG_WARN_CONSTANT_CONVERSION = YES;
				CLANG_WARN_DEPRECATED_OBJC_IMPLEMENTATIONS = YES;
				CLANG_WARN_DIRECT_OBJC_ISA_USAGE = YES_ERROR;
				CLANG_WARN_DOCUMENTATION_COMMENTS = YES;
				CLANG_WARN_EMPTY_BODY = YES;
				CLANG_WARN_ENUM_CONVERSION = YES;
				CLANG_WARN_INFINITE_RECURSION = YES;
				CLANG_WARN_INT_CONVERSION = YES;
				CLANG_WARN_NON_LITERAL_NULL_CONVERSION = YES;
				CLANG_WARN_OBJC_IMPLICIT_RETAIN_SELF = YES;
				CLANG_WARN_OBJC_LITERAL_CONVERSION = YES;
				CLANG_WARN_OBJC_ROOT_CLASS = YES_ERROR;
				CLANG_WARN_QUOTED_INCLUDE_IN_FRAMEWORK_HEADER = YES;
				CLANG_WARN_RANGE_LOOP_ANALYSIS = YES;
				CLANG_WARN_STRICT_PROTOTYPES = YES;
				CLANG_WARN_SUSPICIOUS_MOVE = YES;
				CLANG_WARN_UNGUARDED_AVAILABILITY = YES_AGGRESSIVE;
				CLANG_WARN_UNREACHABLE_CODE = YES;
				CLANG_WARN__DUPLICATE_METHOD_MATCH = YES;
				COPY_PHASE_STRIP = NO;
				DEBUG_INFORMATION_FORMAT = dwarf;
				ENABLE_STRICT_OBJC_MSGSEND = YES;
				ENABLE_TESTABILITY = YES;
				GCC_C_LANGUAGE_STANDARD = gnu11;
				GCC_DYNAMIC_NO_PIC = NO;
				GCC_NO_COMMON_BLOCKS = YES;
				GCC_OPTIMIZATION_LEVEL = 0;
				GCC_PREPROCESSOR_DEFINITIONS = (
					"DEBUG=1",
					"$(inherited)",
				);
				GCC_WARN_64_TO_32_BIT_CONVERSION = YES;
				GCC_WARN_ABOUT_RETURN_TYPE = YES_ERROR;
				GCC_WARN_UNDECLARED_SELECTOR = YES;
				GCC_WARN_UNINITIALIZED_AUTOS = YES_AGGRESSIVE;
				GCC_WARN_UNUSED_FUNCTION = YES;
				GCC_WARN_UNUSED_VARIABLE = YES;
				IPHONEOS_DEPLOYMENT_TARGET = 15.0;
				MTL_ENABLE_DEBUG_INFO = INCLUDE_SOURCE;
				MTL_FAST_MATH = YES;
				ONLY_ACTIVE_ARCH = YES;
				SDKROOT = iphoneos;
				SWIFT_ACTIVE_COMPILATION_CONDITIONS = DEBUG;
				SWIFT_OPTIMIZATION_LEVEL = "-Onone";
			};
			name = Debug;
		};
		567DAFDF2A75420700A07EE6 /* Release */ = {
			isa = XCBuildConfiguration;
			buildSettings = {
				ALWAYS_SEARCH_USER_PATHS = NO;
				CLANG_ANALYZER_NONNULL = YES;
				CLANG_ANALYZER_NUMBER_OBJECT_CONVERSION = YES_AGGRESSIVE;
				CLANG_CXX_LANGUAGE_STANDARD = "gnu++20";
				CLANG_ENABLE_MODULES = YES;
				CLANG_ENABLE_OBJC_ARC = YES;
				CLANG_ENABLE_OBJC_WEAK = YES;
				CLANG_WARN_BLOCK_CAPTURE_AUTORELEASING = YES;
				CLANG_WARN_BOOL_CONVERSION = YES;
				CLANG_WARN_COMMA = YES;
				CLANG_WARN_CONSTANT_CONVERSION = YES;
				CLANG_WARN_DEPRECATED_OBJC_IMPLEMENTATIONS = YES;
				CLANG_WARN_DIRECT_OBJC_ISA_USAGE = YES_ERROR;
				CLANG_WARN_DOCUMENTATION_COMMENTS = YES;
				CLANG_WARN_EMPTY_BODY = YES;
				CLANG_WARN_ENUM_CONVERSION = YES;
				CLANG_WARN_INFINITE_RECURSION = YES;
				CLANG_WARN_INT_CONVERSION = YES;
				CLANG_WARN_NON_LITERAL_NULL_CONVERSION = YES;
				CLANG_WARN_OBJC_IMPLICIT_RETAIN_SELF = YES;
				CLANG_WARN_OBJC_LITERAL_CONVERSION = YES;
				CLANG_WARN_OBJC_ROOT_CLASS = YES_ERROR;
				CLANG_WARN_QUOTED_INCLUDE_IN_FRAMEWORK_HEADER = YES;
				CLANG_WARN_RANGE_LOOP_ANALYSIS = YES;
				CLANG_WARN_STRICT_PROTOTYPES = YES;
				CLANG_WARN_SUSPICIOUS_MOVE = YES;
				CLANG_WARN_UNGUARDED_AVAILABILITY = YES_AGGRESSIVE;
				CLANG_WARN_UNREACHABLE_CODE = YES;
				CLANG_WARN__DUPLICATE_METHOD_MATCH = YES;
				COPY_PHASE_STRIP = NO;
				DEBUG_INFORMATION_FORMAT = "dwarf-with-dsym";
				ENABLE_NS_ASSERTIONS = NO;
				ENABLE_STRICT_OBJC_MSGSEND = YES;
				GCC_C_LANGUAGE_STANDARD = gnu11;
				GCC_NO_COMMON_BLOCKS = YES;
				GCC_WARN_64_TO_32_BIT_CONVERSION = YES;
				GCC_WARN_ABOUT_RETURN_TYPE = YES_ERROR;
				GCC_WARN_UNDECLARED_SELECTOR = YES;
				GCC_WARN_UNINITIALIZED_AUTOS = YES_AGGRESSIVE;
				GCC_WARN_UNUSED_FUNCTION = YES;
				GCC_WARN_UNUSED_VARIABLE = YES;
				IPHONEOS_DEPLOYMENT_TARGET = 15.0;
				MTL_ENABLE_DEBUG_INFO = NO;
				MTL_FAST_MATH = YES;
				SDKROOT = iphoneos;
				SWIFT_COMPILATION_MODE = wholemodule;
				SWIFT_OPTIMIZATION_LEVEL = "-O";
				VALIDATE_PRODUCT = YES;
			};
			name = Release;
		};
		567DAFE12A75420700A07EE6 /* Debug */ = {
			isa = XCBuildConfiguration;
			buildSettings = {
				ASSETCATALOG_COMPILER_APPICON_NAME = AppIcon;
				ASSETCATALOG_COMPILER_GLOBAL_ACCENT_COLOR_NAME = AccentColor;
				CODE_SIGN_STYLE = Automatic;
				CURRENT_PROJECT_VERSION = 1;
				DEVELOPMENT_TEAM = 7PR86L5PMM;
				GENERATE_INFOPLIST_FILE = YES;
				INFOPLIST_FILE = News/Info.plist;
				INFOPLIST_KEY_UIApplicationSupportsIndirectInputEvents = YES;
				INFOPLIST_KEY_UILaunchStoryboardName = LaunchScreen.storyboard;
				INFOPLIST_KEY_UIRequiresFullScreen = NO;
				INFOPLIST_KEY_UIStatusBarStyle = "";
				INFOPLIST_KEY_UISupportedInterfaceOrientations = UIInterfaceOrientationPortrait;
				IPHONEOS_DEPLOYMENT_TARGET = 15.0;
				LD_RUNPATH_SEARCH_PATHS = (
					"$(inherited)",
					"@executable_path/Frameworks",
				);
				MARKETING_VERSION = 1.0;
				PRODUCT_BUNDLE_IDENTIFIER = com.mandiri.ios.news.aprijal.News;
				PRODUCT_NAME = "$(TARGET_NAME)";
				SWIFT_EMIT_LOC_STRINGS = YES;
				SWIFT_VERSION = 5.0;
				TARGETED_DEVICE_FAMILY = "1,2";
			};
			name = Debug;
		};
		567DAFE22A75420700A07EE6 /* Release */ = {
			isa = XCBuildConfiguration;
			buildSettings = {
				ASSETCATALOG_COMPILER_APPICON_NAME = AppIcon;
				ASSETCATALOG_COMPILER_GLOBAL_ACCENT_COLOR_NAME = AccentColor;
				CODE_SIGN_STYLE = Automatic;
				CURRENT_PROJECT_VERSION = 1;
				DEVELOPMENT_TEAM = 7PR86L5PMM;
				GENERATE_INFOPLIST_FILE = YES;
				INFOPLIST_FILE = News/Info.plist;
				INFOPLIST_KEY_UIApplicationSupportsIndirectInputEvents = YES;
				INFOPLIST_KEY_UILaunchStoryboardName = LaunchScreen.storyboard;
				INFOPLIST_KEY_UIRequiresFullScreen = NO;
				INFOPLIST_KEY_UIStatusBarStyle = "";
				INFOPLIST_KEY_UISupportedInterfaceOrientations = UIInterfaceOrientationPortrait;
				IPHONEOS_DEPLOYMENT_TARGET = 15.0;
				LD_RUNPATH_SEARCH_PATHS = (
					"$(inherited)",
					"@executable_path/Frameworks",
				);
				MARKETING_VERSION = 1.0;
				PRODUCT_BUNDLE_IDENTIFIER = com.mandiri.ios.news.aprijal.News;
				PRODUCT_NAME = "$(TARGET_NAME)";
				SWIFT_EMIT_LOC_STRINGS = YES;
				SWIFT_VERSION = 5.0;
				TARGETED_DEVICE_FAMILY = "1,2";
			};
			name = Release;
		};
/* End XCBuildConfiguration section */

/* Begin XCConfigurationList section */
		567DAFC72A75420600A07EE6 /* Build configuration list for PBXProject "News" */ = {
			isa = XCConfigurationList;
			buildConfigurations = (
				567DAFDE2A75420700A07EE6 /* Debug */,
				567DAFDF2A75420700A07EE6 /* Release */,
			);
			defaultConfigurationIsVisible = 0;
			defaultConfigurationName = Release;
		};
		567DAFE02A75420700A07EE6 /* Build configuration list for PBXNativeTarget "News" */ = {
			isa = XCConfigurationList;
			buildConfigurations = (
				567DAFE12A75420700A07EE6 /* Debug */,
				567DAFE22A75420700A07EE6 /* Release */,
			);
			defaultConfigurationIsVisible = 0;
			defaultConfigurationName = Release;
		};
/* End XCConfigurationList section */

/* Begin XCRemoteSwiftPackageReference section */
		567DAFEF2A75664300A07EE6 /* XCRemoteSwiftPackageReference "SnapKit" */ = {
			isa = XCRemoteSwiftPackageReference;
			repositoryURL = "https://github.com/SnapKit/SnapKit.git";
			requirement = {
				kind = upToNextMajorVersion;
				minimumVersion = 5.0.0;
			};
		};
		567DB0112A76414500A07EE6 /* XCRemoteSwiftPackageReference "Alamofire" */ = {
			isa = XCRemoteSwiftPackageReference;
			repositoryURL = "https://github.com/Alamofire/Alamofire.git";
			requirement = {
				kind = upToNextMajorVersion;
				minimumVersion = 5.0.0;
			};
		};
		567DB0262A7675D700A07EE6 /* XCRemoteSwiftPackageReference "SDWebImage" */ = {
			isa = XCRemoteSwiftPackageReference;
			repositoryURL = "https://github.com/SDWebImage/SDWebImage.git";
			requirement = {
				kind = upToNextMajorVersion;
				minimumVersion = 5.0.0;
			};
		};
/* End XCRemoteSwiftPackageReference section */

/* Begin XCSwiftPackageProductDependency section */
		567DAFF02A75664300A07EE6 /* SnapKit */ = {
			isa = XCSwiftPackageProductDependency;
			package = 567DAFEF2A75664300A07EE6 /* XCRemoteSwiftPackageReference "SnapKit" */;
			productName = SnapKit;
		};
		567DB0122A76414500A07EE6 /* Alamofire */ = {
			isa = XCSwiftPackageProductDependency;
			package = 567DB0112A76414500A07EE6 /* XCRemoteSwiftPackageReference "Alamofire" */;
			productName = Alamofire;
		};
		567DB0272A7675D700A07EE6 /* SDWebImage */ = {
			isa = XCSwiftPackageProductDependency;
			package = 567DB0262A7675D700A07EE6 /* XCRemoteSwiftPackageReference "SDWebImage" */;
			productName = SDWebImage;
		};
/* End XCSwiftPackageProductDependency section */
	};
	rootObject = 567DAFC42A75420600A07EE6 /* Project object */;
}
